
Microsoft Visual Studio Solution File, Format Version 12.00
# Visual Studio Version 17
VisualStudioVersion = 17.5.33424.131
MinimumVisualStudioVersion = 10.0.40219.1
Project("{FAE04EC0-301F-11D3-BF4B-00C04F79EFBC}") = "Tasker.WEB", "Tasker.WEB\Tasker.WEB.csproj", "{E3B68C32-C80A-423A-913E-FF27D60D55E2}"
EndProject
Project("{FAE04EC0-301F-11D3-BF4B-00C04F79EFBC}") = "Tasker.Logic", "Tasker.Logic\Tasker.Logic.csproj", "{26399B07-9DD9-423F-905F-9B0A7C545347}"
EndProject
Project("{FAE04EC0-301F-11D3-BF4B-00C04F79EFBC}") = "Tasker.API", "Tasker.API\Tasker.API.csproj", "{F4F4A59F-B31F-446E-9EC3-FF5FE5B34F5A}"
EndProject
Global
	GlobalSection(SolutionConfigurationPlatforms) = preSolution
		Debug|Any CPU = Debug|Any CPU
		Release|Any CPU = Release|Any CPU
	EndGlobalSection
	GlobalSection(ProjectConfigurationPlatforms) = postSolution
		{E3B68C32-C80A-423A-913E-FF27D60D55E2}.Debug|Any CPU.ActiveCfg = Debug|Any CPU
		{E3B68C32-C80A-423A-913E-FF27D60D55E2}.Debug|Any CPU.Build.0 = Debug|Any CPU
		{E3B68C32-C80A-423A-913E-FF27D60D55E2}.Release|Any CPU.ActiveCfg = Release|Any CPU
		{E3B68C32-C80A-423A-913E-FF27D60D55E2}.Release|Any CPU.Build.0 = Release|Any CPU
		{26399B07-9DD9-423F-905F-9B0A7C545347}.Debug|Any CPU.ActiveCfg = Debug|Any CPU
		{26399B07-9DD9-423F-905F-9B0A7C545347}.Debug|Any CPU.Build.0 = Debug|Any CPU
		{26399B07-9DD9-423F-905F-9B0A7C545347}.Release|Any CPU.ActiveCfg = Release|Any CPU
		{26399B07-9DD9-423F-905F-9B0A7C545347}.Release|Any CPU.Build.0 = Release|Any CPU
		{F4F4A59F-B31F-446E-9EC3-FF5FE5B34F5A}.Debug|Any CPU.ActiveCfg = Debug|Any CPU
		{F4F4A59F-B31F-446E-9EC3-FF5FE5B34F5A}.Debug|Any CPU.Build.0 = Debug|Any CPU
		{F4F4A59F-B31F-446E-9EC3-FF5FE5B34F5A}.Release|Any CPU.ActiveCfg = Release|Any CPU
		{F4F4A59F-B31F-446E-9EC3-FF5FE5B34F5A}.Release|Any CPU.Build.0 = Release|Any CPU
	EndGlobalSection
	GlobalSection(SolutionProperties) = preSolution
		HideSolutionNode = FALSE
	EndGlobalSection
	GlobalSection(ExtensibilityGlobals) = postSolution
		SolutionGuid = {DAF773E5-BEEC-4D78-8544-19685B7A9CA8}
	EndGlobalSection
EndGlobal
